
Microsoft Visual Studio Solution File, Format Version 12.00
# Visual Studio Version 17
VisualStudioVersion = 17.2.32602.215
MinimumVisualStudioVersion = 10.0.40219.1
Project("{FAE04EC0-301F-11D3-BF4B-00C04F79EFBC}") = "01. Count Real Numbers", "01. Count Real Numbers\01. Count Real Numbers.csproj", "{B553D975-6D64-4148-A8B8-667AE2DF62C1}"
EndProject
Project("{FAE04EC0-301F-11D3-BF4B-00C04F79EFBC}") = "02. Odd Occurrences", "02. Odd Occurrences\02. Odd Occurrences.csproj", "{A172DEFB-A84B-4C2C-87BC-719D0213ACBD}"
EndProject
Project("{FAE04EC0-301F-11D3-BF4B-00C04F79EFBC}") = "03. Word Synonyms", "03. Word Synonyms\03. Word Synonyms.csproj", "{69E2BA53-4C37-4B25-9A27-C4EFF43B83B8}"
EndProject
Project("{FAE04EC0-301F-11D3-BF4B-00C04F79EFBC}") = "04. Word Filter", "04. Word Filter\04. Word Filter.csproj", "{E71B0FF2-8B36-4032-AAC6-C5E74E7C1E49}"
EndProject
Global
	GlobalSection(SolutionConfigurationPlatforms) = preSolution
		Debug|Any CPU = Debug|Any CPU
		Release|Any CPU = Release|Any CPU
	EndGlobalSection
	GlobalSection(ProjectConfigurationPlatforms) = postSolution
		{B553D975-6D64-4148-A8B8-667AE2DF62C1}.Debug|Any CPU.ActiveCfg = Debug|Any CPU
		{B553D975-6D64-4148-A8B8-667AE2DF62C1}.Debug|Any CPU.Build.0 = Debug|Any CPU
		{B553D975-6D64-4148-A8B8-667AE2DF62C1}.Release|Any CPU.ActiveCfg = Release|Any CPU
		{B553D975-6D64-4148-A8B8-667AE2DF62C1}.Release|Any CPU.Build.0 = Release|Any CPU
		{A172DEFB-A84B-4C2C-87BC-719D0213ACBD}.Debug|Any CPU.ActiveCfg = Debug|Any CPU
		{A172DEFB-A84B-4C2C-87BC-719D0213ACBD}.Debug|Any CPU.Build.0 = Debug|Any CPU
		{A172DEFB-A84B-4C2C-87BC-719D0213ACBD}.Release|Any CPU.ActiveCfg = Release|Any CPU
		{A172DEFB-A84B-4C2C-87BC-719D0213ACBD}.Release|Any CPU.Build.0 = Release|Any CPU
		{69E2BA53-4C37-4B25-9A27-C4EFF43B83B8}.Debug|Any CPU.ActiveCfg = Debug|Any CPU
		{69E2BA53-4C37-4B25-9A27-C4EFF43B83B8}.Debug|Any CPU.Build.0 = Debug|Any CPU
		{69E2BA53-4C37-4B25-9A27-C4EFF43B83B8}.Release|Any CPU.ActiveCfg = Release|Any CPU
		{69E2BA53-4C37-4B25-9A27-C4EFF43B83B8}.Release|Any CPU.Build.0 = Release|Any CPU
		{E71B0FF2-8B36-4032-AAC6-C5E74E7C1E49}.Debug|Any CPU.ActiveCfg = Debug|Any CPU
		{E71B0FF2-8B36-4032-AAC6-C5E74E7C1E49}.Debug|Any CPU.Build.0 = Debug|Any CPU
		{E71B0FF2-8B36-4032-AAC6-C5E74E7C1E49}.Release|Any CPU.ActiveCfg = Release|Any CPU
		{E71B0FF2-8B36-4032-AAC6-C5E74E7C1E49}.Release|Any CPU.Build.0 = Release|Any CPU
	EndGlobalSection
	GlobalSection(SolutionProperties) = preSolution
		HideSolutionNode = FALSE
	EndGlobalSection
	GlobalSection(ExtensibilityGlobals) = postSolution
		SolutionGuid = {A0FFDF47-432C-427A-8D8C-0E375C7A2AD8}
	EndGlobalSection
EndGlobal
