
Microsoft Visual Studio Solution File, Format Version 12.00
# Visual Studio Version 17
VisualStudioVersion = 17.2.32630.192
MinimumVisualStudioVersion = 10.0.40219.1
Project("{FAE04EC0-301F-11D3-BF4B-00C04F79EFBC}") = "BoxOfT", "01. Box\BoxOfT.csproj", "{862F560A-D186-423A-9C11-13ECDBE49E1D}"
EndProject
Project("{FAE04EC0-301F-11D3-BF4B-00C04F79EFBC}") = "GenericArrayCreator", "GenericArrayCreator\GenericArrayCreator.csproj", "{4ADFB703-65C1-4F3E-B062-09934370D24F}"
EndProject
Project("{FAE04EC0-301F-11D3-BF4B-00C04F79EFBC}") = "GenericScale", "GenericScale\GenericScale.csproj", "{CDEF8EC6-20E9-4CAA-A635-41EC83C5C7EF}"
EndProject
Global
	GlobalSection(SolutionConfigurationPlatforms) = preSolution
		Debug|Any CPU = Debug|Any CPU
		Release|Any CPU = Release|Any CPU
	EndGlobalSection
	GlobalSection(ProjectConfigurationPlatforms) = postSolution
		{862F560A-D186-423A-9C11-13ECDBE49E1D}.Debug|Any CPU.ActiveCfg = Debug|Any CPU
		{862F560A-D186-423A-9C11-13ECDBE49E1D}.Debug|Any CPU.Build.0 = Debug|Any CPU
		{862F560A-D186-423A-9C11-13ECDBE49E1D}.Release|Any CPU.ActiveCfg = Release|Any CPU
		{862F560A-D186-423A-9C11-13ECDBE49E1D}.Release|Any CPU.Build.0 = Release|Any CPU
		{4ADFB703-65C1-4F3E-B062-09934370D24F}.Debug|Any CPU.ActiveCfg = Debug|Any CPU
		{4ADFB703-65C1-4F3E-B062-09934370D24F}.Debug|Any CPU.Build.0 = Debug|Any CPU
		{4ADFB703-65C1-4F3E-B062-09934370D24F}.Release|Any CPU.ActiveCfg = Release|Any CPU
		{4ADFB703-65C1-4F3E-B062-09934370D24F}.Release|Any CPU.Build.0 = Release|Any CPU
		{CDEF8EC6-20E9-4CAA-A635-41EC83C5C7EF}.Debug|Any CPU.ActiveCfg = Debug|Any CPU
		{CDEF8EC6-20E9-4CAA-A635-41EC83C5C7EF}.Debug|Any CPU.Build.0 = Debug|Any CPU
		{CDEF8EC6-20E9-4CAA-A635-41EC83C5C7EF}.Release|Any CPU.ActiveCfg = Release|Any CPU
		{CDEF8EC6-20E9-4CAA-A635-41EC83C5C7EF}.Release|Any CPU.Build.0 = Release|Any CPU
	EndGlobalSection
	GlobalSection(SolutionProperties) = preSolution
		HideSolutionNode = FALSE
	EndGlobalSection
	GlobalSection(ExtensibilityGlobals) = postSolution
		SolutionGuid = {CC419285-1B11-4389-B973-CA4D113CA65A}
	EndGlobalSection
EndGlobal
