
Microsoft Visual Studio Solution File, Format Version 12.00
# Visual Studio Version 17
VisualStudioVersion = 17.1.32421.90
MinimumVisualStudioVersion = 10.0.40219.1
Project("{9A19103F-16F7-4668-BE54-9A1E7A4F7556}") = "06. Name Game", "06. Name Game\06. Name Game.csproj", "{8A83B485-89AB-401C-B3EB-04D3596A0F80}"
EndProject
Project("{9A19103F-16F7-4668-BE54-9A1E7A4F7556}") = "05. Football Tournament", "05. Football Tournament\05. Football Tournament.csproj", "{ADAA7673-959B-47C5-A4A5-438A06595936}"
EndProject
Project("{FAE04EC0-301F-11D3-BF4B-00C04F79EFBC}") = "04. Renovation", "04. Renovation\04. Renovation.csproj", "{ED8842CA-9146-4621-8905-8CD4DC9806A9}"
EndProject
Global
	GlobalSection(SolutionConfigurationPlatforms) = preSolution
		Debug|Any CPU = Debug|Any CPU
		Release|Any CPU = Release|Any CPU
	EndGlobalSection
	GlobalSection(ProjectConfigurationPlatforms) = postSolution
		{8A83B485-89AB-401C-B3EB-04D3596A0F80}.Debug|Any CPU.ActiveCfg = Debug|Any CPU
		{8A83B485-89AB-401C-B3EB-04D3596A0F80}.Debug|Any CPU.Build.0 = Debug|Any CPU
		{8A83B485-89AB-401C-B3EB-04D3596A0F80}.Release|Any CPU.ActiveCfg = Release|Any CPU
		{8A83B485-89AB-401C-B3EB-04D3596A0F80}.Release|Any CPU.Build.0 = Release|Any CPU
		{ADAA7673-959B-47C5-A4A5-438A06595936}.Debug|Any CPU.ActiveCfg = Debug|Any CPU
		{ADAA7673-959B-47C5-A4A5-438A06595936}.Debug|Any CPU.Build.0 = Debug|Any CPU
		{ADAA7673-959B-47C5-A4A5-438A06595936}.Release|Any CPU.ActiveCfg = Release|Any CPU
		{ADAA7673-959B-47C5-A4A5-438A06595936}.Release|Any CPU.Build.0 = Release|Any CPU
		{ED8842CA-9146-4621-8905-8CD4DC9806A9}.Debug|Any CPU.ActiveCfg = Debug|Any CPU
		{ED8842CA-9146-4621-8905-8CD4DC9806A9}.Debug|Any CPU.Build.0 = Debug|Any CPU
		{ED8842CA-9146-4621-8905-8CD4DC9806A9}.Release|Any CPU.ActiveCfg = Release|Any CPU
		{ED8842CA-9146-4621-8905-8CD4DC9806A9}.Release|Any CPU.Build.0 = Release|Any CPU
	EndGlobalSection
	GlobalSection(SolutionProperties) = preSolution
		HideSolutionNode = FALSE
	EndGlobalSection
	GlobalSection(ExtensibilityGlobals) = postSolution
		SolutionGuid = {EB3439D6-D7D8-4678-A863-FC947403EB82}
	EndGlobalSection
EndGlobal
