
Microsoft Visual Studio Solution File, Format Version 12.00
# Visual Studio Version 17
VisualStudioVersion = 17.2.32602.215
MinimumVisualStudioVersion = 10.0.40219.1
Project("{FAE04EC0-301F-11D3-BF4B-00C04F79EFBC}") = "01. Guinea Pig", "01. Guinea Pig\01. Guinea Pig.csproj", "{F2CF9280-69DA-4760-9429-AE350255CA1F}"
EndProject
Project("{FAE04EC0-301F-11D3-BF4B-00C04F79EFBC}") = "03. MovTarget", "03. MovTarget\03. MovTarget.csproj", "{FB972F7B-EA7A-4828-8B58-DF503B2F0671}"
EndProject
Global
	GlobalSection(SolutionConfigurationPlatforms) = preSolution
		Debug|Any CPU = Debug|Any CPU
		Release|Any CPU = Release|Any CPU
	EndGlobalSection
	GlobalSection(ProjectConfigurationPlatforms) = postSolution
		{F2CF9280-69DA-4760-9429-AE350255CA1F}.Debug|Any CPU.ActiveCfg = Debug|Any CPU
		{F2CF9280-69DA-4760-9429-AE350255CA1F}.Debug|Any CPU.Build.0 = Debug|Any CPU
		{F2CF9280-69DA-4760-9429-AE350255CA1F}.Release|Any CPU.ActiveCfg = Release|Any CPU
		{F2CF9280-69DA-4760-9429-AE350255CA1F}.Release|Any CPU.Build.0 = Release|Any CPU
		{FB972F7B-EA7A-4828-8B58-DF503B2F0671}.Debug|Any CPU.ActiveCfg = Debug|Any CPU
		{FB972F7B-EA7A-4828-8B58-DF503B2F0671}.Debug|Any CPU.Build.0 = Debug|Any CPU
		{FB972F7B-EA7A-4828-8B58-DF503B2F0671}.Release|Any CPU.ActiveCfg = Release|Any CPU
		{FB972F7B-EA7A-4828-8B58-DF503B2F0671}.Release|Any CPU.Build.0 = Release|Any CPU
	EndGlobalSection
	GlobalSection(SolutionProperties) = preSolution
		HideSolutionNode = FALSE
	EndGlobalSection
	GlobalSection(ExtensibilityGlobals) = postSolution
		SolutionGuid = {A9ADCEE9-50F4-4FE1-9181-2D9168E4B294}
	EndGlobalSection
EndGlobal
