
Microsoft Visual Studio Solution File, Format Version 12.00
# Visual Studio Version 16
VisualStudioVersion = 16.0.32228.343
MinimumVisualStudioVersion = 10.0.40219.1
Project("{FAE04EC0-301F-11D3-BF4B-00C04F79EFBC}") = "01. Dishwasher", "01. Dishwasher\01. Dishwasher.csproj", "{03DC3807-8490-44DF-A716-33D505CBE49D}"
EndProject
Project("{FAE04EC0-301F-11D3-BF4B-00C04F79EFBC}") = "02. Report System", "02. Report System\02. Report System.csproj", "{FC4E6BC2-FD94-4E44-9508-92BC7A7746D5}"
EndProject
Project("{FAE04EC0-301F-11D3-BF4B-00C04F79EFBC}") = "03. Stream Of Letters", "03. Stream Of Letters\03. Stream Of Letters.csproj", "{F4CB152D-ADA0-44C4-B94C-B4F5C8ADFFE8}"
EndProject
Project("{FAE04EC0-301F-11D3-BF4B-00C04F79EFBC}") = "04. Numbers Divided by 3 Without Reminder", "04. Numbers Divided by 3 Without Reminder\04. Numbers Divided by 3 Without Reminder.csproj", "{1B4CF867-BE3C-4466-B243-83FA68968998}"
EndProject
Project("{FAE04EC0-301F-11D3-BF4B-00C04F79EFBC}") = "05. Average Number", "05. Average Number\05. Average Number.csproj", "{E877E161-93E1-400B-81E0-7573DCDF5529}"
EndProject
Global
	GlobalSection(SolutionConfigurationPlatforms) = preSolution
		Debug|Any CPU = Debug|Any CPU
		Release|Any CPU = Release|Any CPU
	EndGlobalSection
	GlobalSection(ProjectConfigurationPlatforms) = postSolution
		{03DC3807-8490-44DF-A716-33D505CBE49D}.Debug|Any CPU.ActiveCfg = Debug|Any CPU
		{03DC3807-8490-44DF-A716-33D505CBE49D}.Debug|Any CPU.Build.0 = Debug|Any CPU
		{03DC3807-8490-44DF-A716-33D505CBE49D}.Release|Any CPU.ActiveCfg = Release|Any CPU
		{03DC3807-8490-44DF-A716-33D505CBE49D}.Release|Any CPU.Build.0 = Release|Any CPU
		{FC4E6BC2-FD94-4E44-9508-92BC7A7746D5}.Debug|Any CPU.ActiveCfg = Debug|Any CPU
		{FC4E6BC2-FD94-4E44-9508-92BC7A7746D5}.Debug|Any CPU.Build.0 = Debug|Any CPU
		{FC4E6BC2-FD94-4E44-9508-92BC7A7746D5}.Release|Any CPU.ActiveCfg = Release|Any CPU
		{FC4E6BC2-FD94-4E44-9508-92BC7A7746D5}.Release|Any CPU.Build.0 = Release|Any CPU
		{F4CB152D-ADA0-44C4-B94C-B4F5C8ADFFE8}.Debug|Any CPU.ActiveCfg = Debug|Any CPU
		{F4CB152D-ADA0-44C4-B94C-B4F5C8ADFFE8}.Debug|Any CPU.Build.0 = Debug|Any CPU
		{F4CB152D-ADA0-44C4-B94C-B4F5C8ADFFE8}.Release|Any CPU.ActiveCfg = Release|Any CPU
		{F4CB152D-ADA0-44C4-B94C-B4F5C8ADFFE8}.Release|Any CPU.Build.0 = Release|Any CPU
		{1B4CF867-BE3C-4466-B243-83FA68968998}.Debug|Any CPU.ActiveCfg = Debug|Any CPU
		{1B4CF867-BE3C-4466-B243-83FA68968998}.Debug|Any CPU.Build.0 = Debug|Any CPU
		{1B4CF867-BE3C-4466-B243-83FA68968998}.Release|Any CPU.ActiveCfg = Release|Any CPU
		{1B4CF867-BE3C-4466-B243-83FA68968998}.Release|Any CPU.Build.0 = Release|Any CPU
		{E877E161-93E1-400B-81E0-7573DCDF5529}.Debug|Any CPU.ActiveCfg = Debug|Any CPU
		{E877E161-93E1-400B-81E0-7573DCDF5529}.Debug|Any CPU.Build.0 = Debug|Any CPU
		{E877E161-93E1-400B-81E0-7573DCDF5529}.Release|Any CPU.ActiveCfg = Release|Any CPU
		{E877E161-93E1-400B-81E0-7573DCDF5529}.Release|Any CPU.Build.0 = Release|Any CPU
	EndGlobalSection
	GlobalSection(SolutionProperties) = preSolution
		HideSolutionNode = FALSE
	EndGlobalSection
	GlobalSection(ExtensibilityGlobals) = postSolution
		SolutionGuid = {9E977265-029F-4B69-A7E9-9CBE9546E336}
	EndGlobalSection
EndGlobal
