
Microsoft Visual Studio Solution File, Format Version 12.00
# Visual Studio Version 17
VisualStudioVersion = 17.2.32630.192
MinimumVisualStudioVersion = 10.0.40219.1
Project("{9A19103F-16F7-4668-BE54-9A1E7A4F7556}") = "T01.Blacksmith", "T01.Blacksmith\T01.Blacksmith.csproj", "{8927134B-483E-4DA7-9ADE-DAA5F0520122}"
EndProject
Project("{9A19103F-16F7-4668-BE54-9A1E7A4F7556}") = "T02.TruffleHunter", "T02.TruffleHunter\T02.TruffleHunter.csproj", "{ED5126B2-0089-47E6-806E-729A2EACD694}"
EndProject
Project("{FAE04EC0-301F-11D3-BF4B-00C04F79EFBC}") = "T03.StockMarket", "T03.StockMarket\T03.StockMarket.csproj", "{09161BAA-FAC3-4904-8314-B36213B22BB9}"
EndProject
Global
	GlobalSection(SolutionConfigurationPlatforms) = preSolution
		Debug|Any CPU = Debug|Any CPU
		Release|Any CPU = Release|Any CPU
	EndGlobalSection
	GlobalSection(ProjectConfigurationPlatforms) = postSolution
		{8927134B-483E-4DA7-9ADE-DAA5F0520122}.Debug|Any CPU.ActiveCfg = Debug|Any CPU
		{8927134B-483E-4DA7-9ADE-DAA5F0520122}.Debug|Any CPU.Build.0 = Debug|Any CPU
		{8927134B-483E-4DA7-9ADE-DAA5F0520122}.Release|Any CPU.ActiveCfg = Release|Any CPU
		{8927134B-483E-4DA7-9ADE-DAA5F0520122}.Release|Any CPU.Build.0 = Release|Any CPU
		{ED5126B2-0089-47E6-806E-729A2EACD694}.Debug|Any CPU.ActiveCfg = Debug|Any CPU
		{ED5126B2-0089-47E6-806E-729A2EACD694}.Debug|Any CPU.Build.0 = Debug|Any CPU
		{ED5126B2-0089-47E6-806E-729A2EACD694}.Release|Any CPU.ActiveCfg = Release|Any CPU
		{ED5126B2-0089-47E6-806E-729A2EACD694}.Release|Any CPU.Build.0 = Release|Any CPU
		{09161BAA-FAC3-4904-8314-B36213B22BB9}.Debug|Any CPU.ActiveCfg = Debug|Any CPU
		{09161BAA-FAC3-4904-8314-B36213B22BB9}.Debug|Any CPU.Build.0 = Debug|Any CPU
		{09161BAA-FAC3-4904-8314-B36213B22BB9}.Release|Any CPU.ActiveCfg = Release|Any CPU
		{09161BAA-FAC3-4904-8314-B36213B22BB9}.Release|Any CPU.Build.0 = Release|Any CPU
	EndGlobalSection
	GlobalSection(SolutionProperties) = preSolution
		HideSolutionNode = FALSE
	EndGlobalSection
	GlobalSection(ExtensibilityGlobals) = postSolution
		SolutionGuid = {DE53627D-F774-41F6-9E51-2234E87ACE9F}
	EndGlobalSection
EndGlobal
