
Microsoft Visual Studio Solution File, Format Version 12.00
# Visual Studio Version 17
VisualStudioVersion = 17.4.33213.308
MinimumVisualStudioVersion = 10.0.40219.1
Project("{FAE04EC0-301F-11D3-BF4B-00C04F79EFBC}") = "ForumApp", "ForumApp\ForumApp.csproj", "{3A6DED62-732C-4940-AA08-EF74A1E0E0D9}"
EndProject
Project("{FAE04EC0-301F-11D3-BF4B-00C04F79EFBC}") = "ForumApp.Data", "ForumApp.Data\ForumApp.Data.csproj", "{2C6C957A-53FA-468F-819A-90999DF443C5}"
EndProject
Global
	GlobalSection(SolutionConfigurationPlatforms) = preSolution
		Debug|Any CPU = Debug|Any CPU
		Release|Any CPU = Release|Any CPU
	EndGlobalSection
	GlobalSection(ProjectConfigurationPlatforms) = postSolution
		{3A6DED62-732C-4940-AA08-EF74A1E0E0D9}.Debug|Any CPU.ActiveCfg = Debug|Any CPU
		{3A6DED62-732C-4940-AA08-EF74A1E0E0D9}.Debug|Any CPU.Build.0 = Debug|Any CPU
		{3A6DED62-732C-4940-AA08-EF74A1E0E0D9}.Release|Any CPU.ActiveCfg = Release|Any CPU
		{3A6DED62-732C-4940-AA08-EF74A1E0E0D9}.Release|Any CPU.Build.0 = Release|Any CPU
		{2C6C957A-53FA-468F-819A-90999DF443C5}.Debug|Any CPU.ActiveCfg = Debug|Any CPU
		{2C6C957A-53FA-468F-819A-90999DF443C5}.Debug|Any CPU.Build.0 = Debug|Any CPU
		{2C6C957A-53FA-468F-819A-90999DF443C5}.Release|Any CPU.ActiveCfg = Release|Any CPU
		{2C6C957A-53FA-468F-819A-90999DF443C5}.Release|Any CPU.Build.0 = Release|Any CPU
	EndGlobalSection
	GlobalSection(SolutionProperties) = preSolution
		HideSolutionNode = FALSE
	EndGlobalSection
	GlobalSection(ExtensibilityGlobals) = postSolution
		SolutionGuid = {E00D92CD-3CED-4F42-9482-BF0BDB42C9EA}
	EndGlobalSection
EndGlobal
