
Microsoft Visual Studio Solution File, Format Version 12.00
# Visual Studio Version 17
VisualStudioVersion = 17.2.32516.85
MinimumVisualStudioVersion = 10.0.40219.1
Project("{FAE04EC0-301F-11D3-BF4B-00C04F79EFBC}") = "01. Train", "01. Train\01. Train.csproj", "{55559BF1-A1D7-4456-BD6C-9EA1A171E93F}"
EndProject
Project("{FAE04EC0-301F-11D3-BF4B-00C04F79EFBC}") = "02. Change List", "02. Change List\02. Change List.csproj", "{DACF6C78-D85C-43A0-BEAE-805C13D594E2}"
EndProject
Project("{FAE04EC0-301F-11D3-BF4B-00C04F79EFBC}") = "03. House Party", "03. House Party\03. House Party.csproj", "{24BE161A-D36D-4CF2-BBF7-979AA4A3201C}"
EndProject
Project("{FAE04EC0-301F-11D3-BF4B-00C04F79EFBC}") = "04. List Operations", "04. List Operations\04. List Operations.csproj", "{9F0F2822-816F-423F-B733-4D7420B98E77}"
EndProject
Project("{FAE04EC0-301F-11D3-BF4B-00C04F79EFBC}") = "05. Bomb Numbers", "05. Bomb Numbers\05. Bomb Numbers.csproj", "{C71D432A-4569-4B33-B4F9-24ADBDE08EA7}"
EndProject
Project("{FAE04EC0-301F-11D3-BF4B-00C04F79EFBC}") = "06. Cards Game", "06. Cards Game\06. Cards Game.csproj", "{02441019-3D9D-45FD-9515-AC5D5D51B615}"
EndProject
Project("{FAE04EC0-301F-11D3-BF4B-00C04F79EFBC}") = "07. Append Arrays", "07. Append Arrays\07. Append Arrays.csproj", "{35707E33-D042-44EC-8E05-AECEAC450609}"
EndProject
Project("{FAE04EC0-301F-11D3-BF4B-00C04F79EFBC}") = "07.2 Append Arrays", "07.2 Append Arrays\07.2 Append Arrays.csproj", "{221E640D-CF55-4138-8C8A-D97AA1DAD5F8}"
EndProject
Global
	GlobalSection(SolutionConfigurationPlatforms) = preSolution
		Debug|Any CPU = Debug|Any CPU
		Release|Any CPU = Release|Any CPU
	EndGlobalSection
	GlobalSection(ProjectConfigurationPlatforms) = postSolution
		{55559BF1-A1D7-4456-BD6C-9EA1A171E93F}.Debug|Any CPU.ActiveCfg = Debug|Any CPU
		{55559BF1-A1D7-4456-BD6C-9EA1A171E93F}.Debug|Any CPU.Build.0 = Debug|Any CPU
		{55559BF1-A1D7-4456-BD6C-9EA1A171E93F}.Release|Any CPU.ActiveCfg = Release|Any CPU
		{55559BF1-A1D7-4456-BD6C-9EA1A171E93F}.Release|Any CPU.Build.0 = Release|Any CPU
		{DACF6C78-D85C-43A0-BEAE-805C13D594E2}.Debug|Any CPU.ActiveCfg = Debug|Any CPU
		{DACF6C78-D85C-43A0-BEAE-805C13D594E2}.Debug|Any CPU.Build.0 = Debug|Any CPU
		{DACF6C78-D85C-43A0-BEAE-805C13D594E2}.Release|Any CPU.ActiveCfg = Release|Any CPU
		{DACF6C78-D85C-43A0-BEAE-805C13D594E2}.Release|Any CPU.Build.0 = Release|Any CPU
		{24BE161A-D36D-4CF2-BBF7-979AA4A3201C}.Debug|Any CPU.ActiveCfg = Debug|Any CPU
		{24BE161A-D36D-4CF2-BBF7-979AA4A3201C}.Debug|Any CPU.Build.0 = Debug|Any CPU
		{24BE161A-D36D-4CF2-BBF7-979AA4A3201C}.Release|Any CPU.ActiveCfg = Release|Any CPU
		{24BE161A-D36D-4CF2-BBF7-979AA4A3201C}.Release|Any CPU.Build.0 = Release|Any CPU
		{9F0F2822-816F-423F-B733-4D7420B98E77}.Debug|Any CPU.ActiveCfg = Debug|Any CPU
		{9F0F2822-816F-423F-B733-4D7420B98E77}.Debug|Any CPU.Build.0 = Debug|Any CPU
		{9F0F2822-816F-423F-B733-4D7420B98E77}.Release|Any CPU.ActiveCfg = Release|Any CPU
		{9F0F2822-816F-423F-B733-4D7420B98E77}.Release|Any CPU.Build.0 = Release|Any CPU
		{C71D432A-4569-4B33-B4F9-24ADBDE08EA7}.Debug|Any CPU.ActiveCfg = Debug|Any CPU
		{C71D432A-4569-4B33-B4F9-24ADBDE08EA7}.Debug|Any CPU.Build.0 = Debug|Any CPU
		{C71D432A-4569-4B33-B4F9-24ADBDE08EA7}.Release|Any CPU.ActiveCfg = Release|Any CPU
		{C71D432A-4569-4B33-B4F9-24ADBDE08EA7}.Release|Any CPU.Build.0 = Release|Any CPU
		{02441019-3D9D-45FD-9515-AC5D5D51B615}.Debug|Any CPU.ActiveCfg = Debug|Any CPU
		{02441019-3D9D-45FD-9515-AC5D5D51B615}.Debug|Any CPU.Build.0 = Debug|Any CPU
		{02441019-3D9D-45FD-9515-AC5D5D51B615}.Release|Any CPU.ActiveCfg = Release|Any CPU
		{02441019-3D9D-45FD-9515-AC5D5D51B615}.Release|Any CPU.Build.0 = Release|Any CPU
		{35707E33-D042-44EC-8E05-AECEAC450609}.Debug|Any CPU.ActiveCfg = Debug|Any CPU
		{35707E33-D042-44EC-8E05-AECEAC450609}.Debug|Any CPU.Build.0 = Debug|Any CPU
		{35707E33-D042-44EC-8E05-AECEAC450609}.Release|Any CPU.ActiveCfg = Release|Any CPU
		{35707E33-D042-44EC-8E05-AECEAC450609}.Release|Any CPU.Build.0 = Release|Any CPU
		{221E640D-CF55-4138-8C8A-D97AA1DAD5F8}.Debug|Any CPU.ActiveCfg = Debug|Any CPU
		{221E640D-CF55-4138-8C8A-D97AA1DAD5F8}.Debug|Any CPU.Build.0 = Debug|Any CPU
		{221E640D-CF55-4138-8C8A-D97AA1DAD5F8}.Release|Any CPU.ActiveCfg = Release|Any CPU
		{221E640D-CF55-4138-8C8A-D97AA1DAD5F8}.Release|Any CPU.Build.0 = Release|Any CPU
	EndGlobalSection
	GlobalSection(SolutionProperties) = preSolution
		HideSolutionNode = FALSE
	EndGlobalSection
	GlobalSection(ExtensibilityGlobals) = postSolution
		SolutionGuid = {D4EAC5B8-3A7E-4E95-9C08-48E704C5E377}
	EndGlobalSection
EndGlobal
