
Microsoft Visual Studio Solution File, Format Version 12.00
# Visual Studio Version 17
VisualStudioVersion = 17.3.32825.248
MinimumVisualStudioVersion = 10.0.40219.1
Project("{FAE04EC0-301F-11D3-BF4B-00C04F79EFBC}") = "ClassBoxData", "T01.ClassBoxData\ClassBoxData.csproj", "{17959D3F-FC16-4B7A-847D-BAC6D43F0B2A}"
EndProject
Project("{9A19103F-16F7-4668-BE54-9A1E7A4F7556}") = "AnimalFarm", "AnimalFarm\AnimalFarm.csproj", "{797D4F89-C339-4BB6-A2B6-1C0D079D5428}"
EndProject
Project("{FAE04EC0-301F-11D3-BF4B-00C04F79EFBC}") = "ShoppingSpree", "ShoppingSpree\ShoppingSpree.csproj", "{92D75271-C5DE-4066-9DF3-6F88BD3B5EBC}"
EndProject
Project("{FAE04EC0-301F-11D3-BF4B-00C04F79EFBC}") = "PizzaCalories", "PizzaCalories\PizzaCalories.csproj", "{6B3B707D-3982-4CE1-A715-CE3B0DB9FF36}"
EndProject
Project("{FAE04EC0-301F-11D3-BF4B-00C04F79EFBC}") = "FootballTeamGenerator", "FootballTeamGenerator\FootballTeamGenerator.csproj", "{9C350A76-E54A-4F82-82E9-2ECE2B22E178}"
EndProject
Global
	GlobalSection(SolutionConfigurationPlatforms) = preSolution
		Debug|Any CPU = Debug|Any CPU
		Release|Any CPU = Release|Any CPU
	EndGlobalSection
	GlobalSection(ProjectConfigurationPlatforms) = postSolution
		{17959D3F-FC16-4B7A-847D-BAC6D43F0B2A}.Debug|Any CPU.ActiveCfg = Debug|Any CPU
		{17959D3F-FC16-4B7A-847D-BAC6D43F0B2A}.Debug|Any CPU.Build.0 = Debug|Any CPU
		{17959D3F-FC16-4B7A-847D-BAC6D43F0B2A}.Release|Any CPU.ActiveCfg = Release|Any CPU
		{17959D3F-FC16-4B7A-847D-BAC6D43F0B2A}.Release|Any CPU.Build.0 = Release|Any CPU
		{797D4F89-C339-4BB6-A2B6-1C0D079D5428}.Debug|Any CPU.ActiveCfg = Debug|Any CPU
		{797D4F89-C339-4BB6-A2B6-1C0D079D5428}.Debug|Any CPU.Build.0 = Debug|Any CPU
		{797D4F89-C339-4BB6-A2B6-1C0D079D5428}.Release|Any CPU.ActiveCfg = Release|Any CPU
		{797D4F89-C339-4BB6-A2B6-1C0D079D5428}.Release|Any CPU.Build.0 = Release|Any CPU
		{92D75271-C5DE-4066-9DF3-6F88BD3B5EBC}.Debug|Any CPU.ActiveCfg = Debug|Any CPU
		{92D75271-C5DE-4066-9DF3-6F88BD3B5EBC}.Debug|Any CPU.Build.0 = Debug|Any CPU
		{92D75271-C5DE-4066-9DF3-6F88BD3B5EBC}.Release|Any CPU.ActiveCfg = Release|Any CPU
		{92D75271-C5DE-4066-9DF3-6F88BD3B5EBC}.Release|Any CPU.Build.0 = Release|Any CPU
		{6B3B707D-3982-4CE1-A715-CE3B0DB9FF36}.Debug|Any CPU.ActiveCfg = Debug|Any CPU
		{6B3B707D-3982-4CE1-A715-CE3B0DB9FF36}.Debug|Any CPU.Build.0 = Debug|Any CPU
		{6B3B707D-3982-4CE1-A715-CE3B0DB9FF36}.Release|Any CPU.ActiveCfg = Release|Any CPU
		{6B3B707D-3982-4CE1-A715-CE3B0DB9FF36}.Release|Any CPU.Build.0 = Release|Any CPU
		{9C350A76-E54A-4F82-82E9-2ECE2B22E178}.Debug|Any CPU.ActiveCfg = Debug|Any CPU
		{9C350A76-E54A-4F82-82E9-2ECE2B22E178}.Debug|Any CPU.Build.0 = Debug|Any CPU
		{9C350A76-E54A-4F82-82E9-2ECE2B22E178}.Release|Any CPU.ActiveCfg = Release|Any CPU
		{9C350A76-E54A-4F82-82E9-2ECE2B22E178}.Release|Any CPU.Build.0 = Release|Any CPU
	EndGlobalSection
	GlobalSection(SolutionProperties) = preSolution
		HideSolutionNode = FALSE
	EndGlobalSection
	GlobalSection(ExtensibilityGlobals) = postSolution
		SolutionGuid = {BADA376F-AAE2-406F-BFE1-E99653CB0625}
	EndGlobalSection
EndGlobal
