
Microsoft Visual Studio Solution File, Format Version 12.00
# Visual Studio Version 17
VisualStudioVersion = 17.1.32421.90
MinimumVisualStudioVersion = 10.0.40219.1
Project("{9A19103F-16F7-4668-BE54-9A1E7A4F7556}") = "01. Sort Numbers", "01. Sort Numbers\01. Sort Numbers.csproj", "{A90D506F-075C-48C2-95E9-D00DFB8D1E6E}"
EndProject
Project("{FAE04EC0-301F-11D3-BF4B-00C04F79EFBC}") = "02. English Name of the Last Digit", "02. English Name of the Last Digit\02. English Name of the Last Digit.csproj", "{59FC5482-58CD-462E-A814-17A77EDB0353}"
EndProject
Project("{FAE04EC0-301F-11D3-BF4B-00C04F79EFBC}") = "03. Gaming Store", "03. Gaming Store\03. Gaming Store.csproj", "{AEE09EBB-C40E-4056-9968-6E5974792D30}"
EndProject
Global
	GlobalSection(SolutionConfigurationPlatforms) = preSolution
		Debug|Any CPU = Debug|Any CPU
		Release|Any CPU = Release|Any CPU
	EndGlobalSection
	GlobalSection(ProjectConfigurationPlatforms) = postSolution
		{A90D506F-075C-48C2-95E9-D00DFB8D1E6E}.Debug|Any CPU.ActiveCfg = Debug|Any CPU
		{A90D506F-075C-48C2-95E9-D00DFB8D1E6E}.Debug|Any CPU.Build.0 = Debug|Any CPU
		{A90D506F-075C-48C2-95E9-D00DFB8D1E6E}.Release|Any CPU.ActiveCfg = Release|Any CPU
		{A90D506F-075C-48C2-95E9-D00DFB8D1E6E}.Release|Any CPU.Build.0 = Release|Any CPU
		{59FC5482-58CD-462E-A814-17A77EDB0353}.Debug|Any CPU.ActiveCfg = Debug|Any CPU
		{59FC5482-58CD-462E-A814-17A77EDB0353}.Debug|Any CPU.Build.0 = Debug|Any CPU
		{59FC5482-58CD-462E-A814-17A77EDB0353}.Release|Any CPU.ActiveCfg = Release|Any CPU
		{59FC5482-58CD-462E-A814-17A77EDB0353}.Release|Any CPU.Build.0 = Release|Any CPU
		{AEE09EBB-C40E-4056-9968-6E5974792D30}.Debug|Any CPU.ActiveCfg = Debug|Any CPU
		{AEE09EBB-C40E-4056-9968-6E5974792D30}.Debug|Any CPU.Build.0 = Debug|Any CPU
		{AEE09EBB-C40E-4056-9968-6E5974792D30}.Release|Any CPU.ActiveCfg = Release|Any CPU
		{AEE09EBB-C40E-4056-9968-6E5974792D30}.Release|Any CPU.Build.0 = Release|Any CPU
	EndGlobalSection
	GlobalSection(SolutionProperties) = preSolution
		HideSolutionNode = FALSE
	EndGlobalSection
	GlobalSection(ExtensibilityGlobals) = postSolution
		SolutionGuid = {6FE9C2E4-2DFD-4814-845F-65F0D3C4C3E5}
	EndGlobalSection
EndGlobal
